
Microsoft Visual Studio Solution File, Format Version 12.00
# Visual Studio Version 16
VisualStudioVersion = 16.0.30804.86
MinimumVisualStudioVersion = 10.0.40219.1
Project("{FAE04EC0-301F-11D3-BF4B-00C04F79EFBC}") = "WpfApp1", "WpfApp1\WpfApp1.csproj", "{53D3FD33-85C8-49EB-B968-32C0CFC10EE0}"
EndProject
Global
	GlobalSection(SolutionConfigurationPlatforms) = preSolution
		Debug|Any CPU = Debug|Any CPU
		Release|Any CPU = Release|Any CPU
	EndGlobalSection
	GlobalSection(ProjectConfigurationPlatforms) = postSolution
		{53D3FD33-85C8-49EB-B968-32C0CFC10EE0}.Debug|Any CPU.ActiveCfg = Debug|Any CPU
		{53D3FD33-85C8-49EB-B968-32C0CFC10EE0}.Debug|Any CPU.Build.0 = Debug|Any CPU
		{53D3FD33-85C8-49EB-B968-32C0CFC10EE0}.Release|Any CPU.ActiveCfg = Release|Any CPU
		{53D3FD33-85C8-49EB-B968-32C0CFC10EE0}.Release|Any CPU.Build.0 = Release|Any CPU
	EndGlobalSection
	GlobalSection(SolutionProperties) = preSolution
		HideSolutionNode = FALSE
	EndGlobalSection
	GlobalSection(ExtensibilityGlobals) = postSolution
		SolutionGuid = {7D680050-4AF6-435F-AC43-C49A4B9362F5}
	EndGlobalSection
EndGlobal
